
Microsoft Visual Studio Solution File, Format Version 12.00
# Visual Studio Version 17
VisualStudioVersion = 17.8.34322.80
MinimumVisualStudioVersion = 10.0.40219.1
Project("{FAE04EC0-301F-11D3-BF4B-00C04F79EFBC}") = "32_LeThiNhung_Extra", "32_LeThiNhung_Extra\32_LeThiNhung_Extra.csproj", "{5DD57FE6-6B83-4A53-B019-3182281C8A4A}"
EndProject
Global
	GlobalSection(SolutionConfigurationPlatforms) = preSolution
		Debug|Any CPU = Debug|Any CPU
		Release|Any CPU = Release|Any CPU
	EndGlobalSection
	GlobalSection(ProjectConfigurationPlatforms) = postSolution
		{5DD57FE6-6B83-4A53-B019-3182281C8A4A}.Debug|Any CPU.ActiveCfg = Debug|Any CPU
		{5DD57FE6-6B83-4A53-B019-3182281C8A4A}.Debug|Any CPU.Build.0 = Debug|Any CPU
		{5DD57FE6-6B83-4A53-B019-3182281C8A4A}.Release|Any CPU.ActiveCfg = Release|Any CPU
		{5DD57FE6-6B83-4A53-B019-3182281C8A4A}.Release|Any CPU.Build.0 = Release|Any CPU
	EndGlobalSection
	GlobalSection(SolutionProperties) = preSolution
		HideSolutionNode = FALSE
	EndGlobalSection
	GlobalSection(ExtensibilityGlobals) = postSolution
		SolutionGuid = {900ED87D-15AD-45E3-A14B-8FA3E777A088}
	EndGlobalSection
EndGlobal
